<Solution>
  <Folder Name="/src/">
    <Project Path="DocuTrack.Api/DocuTrack.Api.csproj" Id="20f955b4-b7f7-4131-8769-c000b884a49e" />
    <Project Path="DocuTrack.Console/DocuTrack.Console.csproj" />
    <Project Path="DocuTrack.Core/DocuTrack.Core.csproj" />
    <Project Path="DocuTrack.Infrastructure/DocuTrack.Infrastructure.csproj" Id="66889e53-e9f5-43e6-96fe-ed4b4b0166c2" />
  </Folder>
  <Folder Name="/tests/">
    <Project Path="DocuTrack.Api.IntegrationTests/DocuTrack.Api.IntegrationTests.csproj" Id="8ec9d9a7-a851-451c-922f-0e2e6f255769" />
    <Project Path="DocuTrack.Core.Tests/DocuTrack.Core.Tests.csproj" Id="26b57668-c03a-4d51-b75e-696d49bf990d" />
  </Folder>
</Solution>
