<Solution>
  <Folder Name="/src/">
    <Project Path="src/DocuTrack.Api/DocuTrack.Api.csproj" />
    <Project Path="src/DocuTrack.Application/DocuTrack.Application.csproj" />
    <Project Path="src/DocuTrack.Domain/DocuTrack.Domain.csproj" />
    <Project Path="src/DocuTrack.Infrastructure/DocuTrack.Infrastructure.csproj" />
  </Folder>
  <Folder Name="/tests/">
    <Project Path="tests/DocuTrack.Api.IntegrationTests/DocuTrack.Api.IntegrationTests.csproj" />
    <Project Path="tests/DocuTrack.Core.Tests/DocuTrack.Application.Tests.csproj" />
    <Project Path="tests/DocuTrack.Domain.Tests/DocuTrack.Domain.Tests.csproj" />
    <Project Path="tests/DocuTrack.Infrastructure.IntegrationTests/DocuTrack.Infrastructure.IntegrationTests.csproj" />
  </Folder>
</Solution>
